
Microsoft Visual Studio Solution File, Format Version 12.00
# Visual Studio Version 17
VisualStudioVersion = 17.0.31903.59
MinimumVisualStudioVersion = 10.0.40219.1
Project("{2150E333-8FDC-42A3-9474-1A3956D46DE8}") = "backend", "backend", "{1AE8ACA6-933B-BF2A-3671-3E2EAC007D16}"
EndProject
Project("{2150E333-8FDC-42A3-9474-1A3956D46DE8}") = "services", "services", "{3C755975-A7BD-44BC-C8F9-5B13F14529BF}"
EndProject
Project("{FAE04EC0-301F-11D3-BF4B-00C04F79EFBC}") = "CapShop.AuthService", "backend\services\CapShop.AuthService\CapShop.AuthService.csproj", "{86D136CE-80E6-437A-9030-6D53D5BDDCAC}"
EndProject
Project("{FAE04EC0-301F-11D3-BF4B-00C04F79EFBC}") = "CapShop.CatalogService", "backend\services\CapShop.CatalogService\CapShop.CatalogService.csproj", "{8FD666A9-EB1A-4D60-8D2A-008709643611}"
EndProject
Project("{FAE04EC0-301F-11D3-BF4B-00C04F79EFBC}") = "CapShop.OrderService", "backend\services\CapShop.OrderService\CapShop.OrderService.csproj", "{9F809C13-07EA-4612-8A11-D49A04ECE0F4}"
EndProject
Project("{FAE04EC0-301F-11D3-BF4B-00C04F79EFBC}") = "CapShop.PaymentService", "backend\services\CapShop.PaymentService\CapShop.PaymentService.csproj", "{EEFD30D3-895A-46B5-832B-9EE6653F0F53}"
EndProject
Project("{FAE04EC0-301F-11D3-BF4B-00C04F79EFBC}") = "CapShop.AdminService", "backend\services\CapShop.AdminService\CapShop.AdminService.csproj", "{23D941B7-7887-4F66-92CB-FB5B9D66DD56}"
EndProject
Project("{2150E333-8FDC-42A3-9474-1A3956D46DE8}") = "gateways", "gateways", "{0E3AB67A-5AE1-1017-656C-352AA37FAAC4}"
EndProject
Project("{FAE04EC0-301F-11D3-BF4B-00C04F79EFBC}") = "CapShop.Gateway", "backend\gateways\CapShop.Gateway\CapShop.Gateway.csproj", "{8FE8D715-4918-4CDE-A5B2-B9B89E2FD42D}"
EndProject
Project("{2150E333-8FDC-42A3-9474-1A3956D46DE8}") = "buildingBlocks", "buildingBlocks", "{B624F44C-0B58-4E28-9877-06E49A93D529}"
EndProject
Project("{FAE04EC0-301F-11D3-BF4B-00C04F79EFBC}") = "CapShop.Messaging", "backend\buildingBlocks\CapShop.Messaging\CapShop.Messaging.csproj", "{C68E9819-1C8A-4A6C-AF6B-9C1C4EACD85E}"
EndProject
Global
	GlobalSection(SolutionConfigurationPlatforms) = preSolution
		Debug|Any CPU = Debug|Any CPU
		Debug|x64 = Debug|x64
		Debug|x86 = Debug|x86
		Release|Any CPU = Release|Any CPU
		Release|x64 = Release|x64
		Release|x86 = Release|x86
	EndGlobalSection
	GlobalSection(ProjectConfigurationPlatforms) = postSolution
		{86D136CE-80E6-437A-9030-6D53D5BDDCAC}.Debug|Any CPU.ActiveCfg = Debug|Any CPU
		{86D136CE-80E6-437A-9030-6D53D5BDDCAC}.Debug|Any CPU.Build.0 = Debug|Any CPU
		{86D136CE-80E6-437A-9030-6D53D5BDDCAC}.Debug|x64.ActiveCfg = Debug|Any CPU
		{86D136CE-80E6-437A-9030-6D53D5BDDCAC}.Debug|x64.Build.0 = Debug|Any CPU
		{86D136CE-80E6-437A-9030-6D53D5BDDCAC}.Debug|x86.ActiveCfg = Debug|Any CPU
		{86D136CE-80E6-437A-9030-6D53D5BDDCAC}.Debug|x86.Build.0 = Debug|Any CPU
		{86D136CE-80E6-437A-9030-6D53D5BDDCAC}.Release|Any CPU.ActiveCfg = Release|Any CPU
		{86D136CE-80E6-437A-9030-6D53D5BDDCAC}.Release|Any CPU.Build.0 = Release|Any CPU
		{86D136CE-80E6-437A-9030-6D53D5BDDCAC}.Release|x64.ActiveCfg = Release|Any CPU
		{86D136CE-80E6-437A-9030-6D53D5BDDCAC}.Release|x64.Build.0 = Release|Any CPU
		{86D136CE-80E6-437A-9030-6D53D5BDDCAC}.Release|x86.ActiveCfg = Release|Any CPU
		{86D136CE-80E6-437A-9030-6D53D5BDDCAC}.Release|x86.Build.0 = Release|Any CPU
		{8FD666A9-EB1A-4D60-8D2A-008709643611}.Debug|Any CPU.ActiveCfg = Debug|Any CPU
		{8FD666A9-EB1A-4D60-8D2A-008709643611}.Debug|Any CPU.Build.0 = Debug|Any CPU
		{8FD666A9-EB1A-4D60-8D2A-008709643611}.Debug|x64.ActiveCfg = Debug|Any CPU
		{8FD666A9-EB1A-4D60-8D2A-008709643611}.Debug|x64.Build.0 = Debug|Any CPU
		{8FD666A9-EB1A-4D60-8D2A-008709643611}.Debug|x86.ActiveCfg = Debug|Any CPU
		{8FD666A9-EB1A-4D60-8D2A-008709643611}.Debug|x86.Build.0 = Debug|Any CPU
		{8FD666A9-EB1A-4D60-8D2A-008709643611}.Release|Any CPU.ActiveCfg = Release|Any CPU
		{8FD666A9-EB1A-4D60-8D2A-008709643611}.Release|Any CPU.Build.0 = Release|Any CPU
		{8FD666A9-EB1A-4D60-8D2A-008709643611}.Release|x64.ActiveCfg = Release|Any CPU
		{8FD666A9-EB1A-4D60-8D2A-008709643611}.Release|x64.Build.0 = Release|Any CPU
		{8FD666A9-EB1A-4D60-8D2A-008709643611}.Release|x86.ActiveCfg = Release|Any CPU
		{8FD666A9-EB1A-4D60-8D2A-008709643611}.Release|x86.Build.0 = Release|Any CPU
		{9F809C13-07EA-4612-8A11-D49A04ECE0F4}.Debug|Any CPU.ActiveCfg = Debug|Any CPU
		{9F809C13-07EA-4612-8A11-D49A04ECE0F4}.Debug|Any CPU.Build.0 = Debug|Any CPU
		{9F809C13-07EA-4612-8A11-D49A04ECE0F4}.Debug|x64.ActiveCfg = Debug|Any CPU
		{9F809C13-07EA-4612-8A11-D49A04ECE0F4}.Debug|x64.Build.0 = Debug|Any CPU
		{9F809C13-07EA-4612-8A11-D49A04ECE0F4}.Debug|x86.ActiveCfg = Debug|Any CPU
		{9F809C13-07EA-4612-8A11-D49A04ECE0F4}.Debug|x86.Build.0 = Debug|Any CPU
		{9F809C13-07EA-4612-8A11-D49A04ECE0F4}.Release|Any CPU.ActiveCfg = Release|Any CPU
		{9F809C13-07EA-4612-8A11-D49A04ECE0F4}.Release|Any CPU.Build.0 = Release|Any CPU
		{9F809C13-07EA-4612-8A11-D49A04ECE0F4}.Release|x64.ActiveCfg = Release|Any CPU
		{9F809C13-07EA-4612-8A11-D49A04ECE0F4}.Release|x64.Build.0 = Release|Any CPU
		{9F809C13-07EA-4612-8A11-D49A04ECE0F4}.Release|x86.ActiveCfg = Release|Any CPU
		{9F809C13-07EA-4612-8A11-D49A04ECE0F4}.Release|x86.Build.0 = Release|Any CPU
		{EEFD30D3-895A-46B5-832B-9EE6653F0F53}.Debug|Any CPU.ActiveCfg = Debug|Any CPU
		{EEFD30D3-895A-46B5-832B-9EE6653F0F53}.Debug|Any CPU.Build.0 = Debug|Any CPU
		{EEFD30D3-895A-46B5-832B-9EE6653F0F53}.Debug|x64.ActiveCfg = Debug|Any CPU
		{EEFD30D3-895A-46B5-832B-9EE6653F0F53}.Debug|x64.Build.0 = Debug|Any CPU
		{EEFD30D3-895A-46B5-832B-9EE6653F0F53}.Debug|x86.ActiveCfg = Debug|Any CPU
		{EEFD30D3-895A-46B5-832B-9EE6653F0F53}.Debug|x86.Build.0 = Debug|Any CPU
		{EEFD30D3-895A-46B5-832B-9EE6653F0F53}.Release|Any CPU.ActiveCfg = Release|Any CPU
		{EEFD30D3-895A-46B5-832B-9EE6653F0F53}.Release|Any CPU.Build.0 = Release|Any CPU
		{EEFD30D3-895A-46B5-832B-9EE6653F0F53}.Release|x64.ActiveCfg = Release|Any CPU
		{EEFD30D3-895A-46B5-832B-9EE6653F0F53}.Release|x64.Build.0 = Release|Any CPU
		{EEFD30D3-895A-46B5-832B-9EE6653F0F53}.Release|x86.ActiveCfg = Release|Any CPU
		{EEFD30D3-895A-46B5-832B-9EE6653F0F53}.Release|x86.Build.0 = Release|Any CPU
		{23D941B7-7887-4F66-92CB-FB5B9D66DD56}.Debug|Any CPU.ActiveCfg = Debug|Any CPU
		{23D941B7-7887-4F66-92CB-FB5B9D66DD56}.Debug|Any CPU.Build.0 = Debug|Any CPU
		{23D941B7-7887-4F66-92CB-FB5B9D66DD56}.Debug|x64.ActiveCfg = Debug|Any CPU
		{23D941B7-7887-4F66-92CB-FB5B9D66DD56}.Debug|x64.Build.0 = Debug|Any CPU
		{23D941B7-7887-4F66-92CB-FB5B9D66DD56}.Debug|x86.ActiveCfg = Debug|Any CPU
		{23D941B7-7887-4F66-92CB-FB5B9D66DD56}.Debug|x86.Build.0 = Debug|Any CPU
		{23D941B7-7887-4F66-92CB-FB5B9D66DD56}.Release|Any CPU.ActiveCfg = Release|Any CPU
		{23D941B7-7887-4F66-92CB-FB5B9D66DD56}.Release|Any CPU.Build.0 = Release|Any CPU
		{23D941B7-7887-4F66-92CB-FB5B9D66DD56}.Release|x64.ActiveCfg = Release|Any CPU
		{23D941B7-7887-4F66-92CB-FB5B9D66DD56}.Release|x64.Build.0 = Release|Any CPU
		{23D941B7-7887-4F66-92CB-FB5B9D66DD56}.Release|x86.ActiveCfg = Release|Any CPU
		{23D941B7-7887-4F66-92CB-FB5B9D66DD56}.Release|x86.Build.0 = Release|Any CPU
		{8FE8D715-4918-4CDE-A5B2-B9B89E2FD42D}.Debug|Any CPU.ActiveCfg = Debug|Any CPU
		{8FE8D715-4918-4CDE-A5B2-B9B89E2FD42D}.Debug|Any CPU.Build.0 = Debug|Any CPU
		{8FE8D715-4918-4CDE-A5B2-B9B89E2FD42D}.Debug|x64.ActiveCfg = Debug|Any CPU
		{8FE8D715-4918-4CDE-A5B2-B9B89E2FD42D}.Debug|x64.Build.0 = Debug|Any CPU
		{8FE8D715-4918-4CDE-A5B2-B9B89E2FD42D}.Debug|x86.ActiveCfg = Debug|Any CPU
		{8FE8D715-4918-4CDE-A5B2-B9B89E2FD42D}.Debug|x86.Build.0 = Debug|Any CPU
		{8FE8D715-4918-4CDE-A5B2-B9B89E2FD42D}.Release|Any CPU.ActiveCfg = Release|Any CPU
		{8FE8D715-4918-4CDE-A5B2-B9B89E2FD42D}.Release|Any CPU.Build.0 = Release|Any CPU
		{8FE8D715-4918-4CDE-A5B2-B9B89E2FD42D}.Release|x64.ActiveCfg = Release|Any CPU
		{8FE8D715-4918-4CDE-A5B2-B9B89E2FD42D}.Release|x64.Build.0 = Release|Any CPU
		{8FE8D715-4918-4CDE-A5B2-B9B89E2FD42D}.Release|x86.ActiveCfg = Release|Any CPU
		{8FE8D715-4918-4CDE-A5B2-B9B89E2FD42D}.Release|x86.Build.0 = Release|Any CPU
		{C68E9819-1C8A-4A6C-AF6B-9C1C4EACD85E}.Debug|Any CPU.ActiveCfg = Debug|Any CPU
		{C68E9819-1C8A-4A6C-AF6B-9C1C4EACD85E}.Debug|Any CPU.Build.0 = Debug|Any CPU
		{C68E9819-1C8A-4A6C-AF6B-9C1C4EACD85E}.Debug|x64.ActiveCfg = Debug|Any CPU
		{C68E9819-1C8A-4A6C-AF6B-9C1C4EACD85E}.Debug|x64.Build.0 = Debug|Any CPU
		{C68E9819-1C8A-4A6C-AF6B-9C1C4EACD85E}.Debug|x86.ActiveCfg = Debug|Any CPU
		{C68E9819-1C8A-4A6C-AF6B-9C1C4EACD85E}.Debug|x86.Build.0 = Debug|Any CPU
		{C68E9819-1C8A-4A6C-AF6B-9C1C4EACD85E}.Release|Any CPU.ActiveCfg = Release|Any CPU
		{C68E9819-1C8A-4A6C-AF6B-9C1C4EACD85E}.Release|Any CPU.Build.0 = Release|Any CPU
		{C68E9819-1C8A-4A6C-AF6B-9C1C4EACD85E}.Release|x64.ActiveCfg = Release|Any CPU
		{C68E9819-1C8A-4A6C-AF6B-9C1C4EACD85E}.Release|x64.Build.0 = Release|Any CPU
		{C68E9819-1C8A-4A6C-AF6B-9C1C4EACD85E}.Release|x86.ActiveCfg = Release|Any CPU
		{C68E9819-1C8A-4A6C-AF6B-9C1C4EACD85E}.Release|x86.Build.0 = Release|Any CPU
	EndGlobalSection
	GlobalSection(SolutionProperties) = preSolution
		HideSolutionNode = FALSE
	EndGlobalSection
	GlobalSection(NestedProjects) = preSolution
		{3C755975-A7BD-44BC-C8F9-5B13F14529BF} = {1AE8ACA6-933B-BF2A-3671-3E2EAC007D16}
		{86D136CE-80E6-437A-9030-6D53D5BDDCAC} = {3C755975-A7BD-44BC-C8F9-5B13F14529BF}
		{8FD666A9-EB1A-4D60-8D2A-008709643611} = {3C755975-A7BD-44BC-C8F9-5B13F14529BF}
		{9F809C13-07EA-4612-8A11-D49A04ECE0F4} = {3C755975-A7BD-44BC-C8F9-5B13F14529BF}
		{EEFD30D3-895A-46B5-832B-9EE6653F0F53} = {3C755975-A7BD-44BC-C8F9-5B13F14529BF}
		{23D941B7-7887-4F66-92CB-FB5B9D66DD56} = {3C755975-A7BD-44BC-C8F9-5B13F14529BF}
		{0E3AB67A-5AE1-1017-656C-352AA37FAAC4} = {1AE8ACA6-933B-BF2A-3671-3E2EAC007D16}
		{8FE8D715-4918-4CDE-A5B2-B9B89E2FD42D} = {0E3AB67A-5AE1-1017-656C-352AA37FAAC4}
		{B624F44C-0B58-4E28-9877-06E49A93D529} = {1AE8ACA6-933B-BF2A-3671-3E2EAC007D16}
		{C68E9819-1C8A-4A6C-AF6B-9C1C4EACD85E} = {B624F44C-0B58-4E28-9877-06E49A93D529}
	EndGlobalSection
EndGlobal
